// !$*UTF8*$!
{
	archiveVersion = 1;
	classes = {
	};
	objectVersion = 55;
	objects = {

/* Begin PBXBuildFile section */
		859D661228A9179A001A5620 /* AppDelegate.swift in Sources */ = {isa = PBXBuildFile; fileRef = 859D661128A9179A001A5620 /* AppDelegate.swift */; };
		859D661428A9179A001A5620 /* SceneDelegate.swift in Sources */ = {isa = PBXBuildFile; fileRef = 859D661328A9179A001A5620 /* SceneDelegate.swift */; };
		859D661628A9179A001A5620 /* ViewController.swift in Sources */ = {isa = PBXBuildFile; fileRef = 859D661528A9179A001A5620 /* ViewController.swift */; };
		859D661928A9179A001A5620 /* Main.storyboard in Resources */ = {isa = PBXBuildFile; fileRef = 859D661728A9179A001A5620 /* Main.storyboard */; };
		859D661C28A9179A001A5620 /* ActivityTracker_V0_6_1.xcdatamodeld in Sources */ = {isa = PBXBuildFile; fileRef = 859D661A28A9179A001A5620 /* ActivityTracker_V0_6_1.xcdatamodeld */; };
		859D661E28A9179C001A5620 /* Assets.xcassets in Resources */ = {isa = PBXBuildFile; fileRef = 859D661D28A9179C001A5620 /* Assets.xcassets */; };
		859D662128A9179C001A5620 /* LaunchScreen.storyboard in Resources */ = {isa = PBXBuildFile; fileRef = 859D661F28A9179C001A5620 /* LaunchScreen.storyboard */; };
/* End PBXBuildFile section */

/* Begin PBXFileReference section */
		859D660E28A9179A001A5620 /* ActivityTracker_V0.6.1.app */ = {isa = PBXFileReference; explicitFileType = wrapper.application; includeInIndex = 0; path = ActivityTracker_V0.6.1.app; sourceTree = BUILT_PRODUCTS_DIR; };
		859D661128A9179A001A5620 /* AppDelegate.swift */ = {isa = PBXFileReference; lastKnownFileType = sourcecode.swift; path = AppDelegate.swift; sourceTree = "<group>"; };
		859D661328A9179A001A5620 /* SceneDelegate.swift */ = {isa = PBXFileReference; lastKnownFileType = sourcecode.swift; path = SceneDelegate.swift; sourceTree = "<group>"; };
		859D661528A9179A001A5620 /* ViewController.swift */ = {isa = PBXFileReference; lastKnownFileType = sourcecode.swift; path = ViewController.swift; sourceTree = "<group>"; };
		859D661828A9179A001A5620 /* Base */ = {isa = PBXFileReference; lastKnownFileType = file.storyboard; name = Base; path = Base.lproj/Main.storyboard; sourceTree = "<group>"; };
		859D661B28A9179A001A5620 /* ActivityTracker_V0_6_1.xcdatamodel */ = {isa = PBXFileReference; lastKnownFileType = wrapper.xcdatamodel; path = ActivityTracker_V0_6_1.xcdatamodel; sourceTree = "<group>"; };
		859D661D28A9179C001A5620 /* Assets.xcassets */ = {isa = PBXFileReference; lastKnownFileType = folder.assetcatalog; path = Assets.xcassets; sourceTree = "<group>"; };
		859D662028A9179C001A5620 /* Base */ = {isa = PBXFileReference; lastKnownFileType = file.storyboard; name = Base; path = Base.lproj/LaunchScreen.storyboard; sourceTree = "<group>"; };
		859D662228A9179C001A5620 /* Info.plist */ = {isa = PBXFileReference; lastKnownFileType = text.plist.xml; path = Info.plist; sourceTree = "<group>"; };
/* End PBXFileReference section */

/* Begin PBXFrameworksBuildPhase section */
		859D660B28A9179A001A5620 /* Frameworks */ = {
			isa = PBXFrameworksBuildPhase;
			buildActionMask = 2147483647;
			files = (
			);
			runOnlyForDeploymentPostprocessing = 0;
		};
/* End PBXFrameworksBuildPhase section */

/* Begin PBXGroup section */
		859D660528A9179A001A5620 = {
			isa = PBXGroup;
			children = (
				859D661028A9179A001A5620 /* ActivityTracker_V0.6.1 */,
				859D660F28A9179A001A5620 /* Products */,
			);
			sourceTree = "<group>";
		};
		859D660F28A9179A001A5620 /* Products */ = {
			isa = PBXGroup;
			children = (
				859D660E28A9179A001A5620 /* ActivityTracker_V0.6.1.app */,
			);
			name = Products;
			sourceTree = "<group>";
		};
		859D661028A9179A001A5620 /* ActivityTracker_V0.6.1 */ = {
			isa = PBXGroup;
			children = (
				859D661128A9179A001A5620 /* AppDelegate.swift */,
				859D661328A9179A001A5620 /* SceneDelegate.swift */,
				859D661528A9179A001A5620 /* ViewController.swift */,
				859D661728A9179A001A5620 /* Main.storyboard */,
				859D661D28A9179C001A5620 /* Assets.xcassets */,
				859D661F28A9179C001A5620 /* LaunchScreen.storyboard */,
				859D662228A9179C001A5620 /* Info.plist */,
				859D661A28A9179A001A5620 /* ActivityTracker_V0_6_1.xcdatamodeld */,
			);
			path = ActivityTracker_V0.6.1;
			sourceTree = "<group>";
		};
/* End PBXGroup section */

/* Begin PBXNativeTarget section */
		859D660D28A9179A001A5620 /* ActivityTracker_V0.6.1 */ = {
			isa = PBXNativeTarget;
			buildConfigurationList = 859D662528A9179C001A5620 /* Build configuration list for PBXNativeTarget "ActivityTracker_V0.6.1" */;
			buildPhases = (
				859D660A28A9179A001A5620 /* Sources */,
				859D660B28A9179A001A5620 /* Frameworks */,
				859D660C28A9179A001A5620 /* Resources */,
			);
			buildRules = (
			);
			dependencies = (
			);
			name = ActivityTracker_V0.6.1;
			productName = ActivityTracker_V0.6.1;
			productReference = 859D660E28A9179A001A5620 /* ActivityTracker_V0.6.1.app */;
			productType = "com.apple.product-type.application";
		};
/* End PBXNativeTarget section */

/* Begin PBXProject section */
		859D660628A9179A001A5620 /* Project object */ = {
			isa = PBXProject;
			attributes = {
				BuildIndependentTargetsInParallel = 1;
				LastSwiftUpdateCheck = 1340;
				LastUpgradeCheck = 1340;
				TargetAttributes = {
					859D660D28A9179A001A5620 = {
						CreatedOnToolsVersion = 13.4.1;
					};
				};
			};
			buildConfigurationList = 859D660928A9179A001A5620 /* Build configuration list for PBXProject "ActivityTracker_V0.6.1" */;
			compatibilityVersion = "Xcode 13.0";
			developmentRegion = en;
			hasScannedForEncodings = 0;
			knownRegions = (
				en,
				Base,
			);
			mainGroup = 859D660528A9179A001A5620;
			productRefGroup = 859D660F28A9179A001A5620 /* Products */;
			projectDirPath = "";
			projectRoot = "";
			targets = (
				859D660D28A9179A001A5620 /* ActivityTracker_V0.6.1 */,
			);
		};
/* End PBXProject section */

/* Begin PBXResourcesBuildPhase section */
		859D660C28A9179A001A5620 /* Resources */ = {
			isa = PBXResourcesBuildPhase;
			buildActionMask = 2147483647;
			files = (
				859D662128A9179C001A5620 /* LaunchScreen.storyboard in Resources */,
				859D661E28A9179C001A5620 /* Assets.xcassets in Resources */,
				859D661928A9179A001A5620 /* Main.storyboard in Resources */,
			);
			runOnlyForDeploymentPostprocessing = 0;
		};
/* End PBXResourcesBuildPhase section */

/* Begin PBXSourcesBuildPhase section */
		859D660A28A9179A001A5620 /* Sources */ = {
			isa = PBXSourcesBuildPhase;
			buildActionMask = 2147483647;
			files = (
				859D661628A9179A001A5620 /* ViewController.swift in Sources */,
				859D661228A9179A001A5620 /* AppDelegate.swift in Sources */,
				859D661C28A9179A001A5620 /* ActivityTracker_V0_6_1.xcdatamodeld in Sources */,
				859D661428A9179A001A5620 /* SceneDelegate.swift in Sources */,
			);
			runOnlyForDeploymentPostprocessing = 0;
		};
/* End PBXSourcesBuildPhase section */

/* Begin PBXVariantGroup section */
		859D661728A9179A001A5620 /* Main.storyboard */ = {
			isa = PBXVariantGroup;
			children = (
				859D661828A9179A001A5620 /* Base */,
			);
			name = Main.storyboard;
			sourceTree = "<group>";
		};
		859D661F28A9179C001A5620 /* LaunchScreen.storyboard */ = {
			isa = PBXVariantGroup;
			children = (
				859D662028A9179C001A5620 /* Base */,
			);
			name = LaunchScreen.storyboard;
			sourceTree = "<group>";
		};
/* End PBXVariantGroup section */

/* Begin XCBuildConfiguration section */
		859D662328A9179C001A5620 /* Debug */ = {
			isa = XCBuildConfiguration;
			buildSettings = {
				ALWAYS_SEARCH_USER_PATHS = NO;
				CLANG_ANALYZER_NONNULL = YES;
				CLANG_ANALYZER_NUMBER_OBJECT_CONVERSION = YES_AGGRESSIVE;
				CLANG_CXX_LANGUAGE_STANDARD = "gnu++17";
				CLANG_ENABLE_MODULES = YES;
				CLANG_ENABLE_OBJC_ARC = YES;
				CLANG_ENABLE_OBJC_WEAK = YES;
				CLANG_WARN_BLOCK_CAPTURE_AUTORELEASING = YES;
				CLANG_WARN_BOOL_CONVERSION = YES;
				CLANG_WARN_COMMA = YES;
				CLANG_WARN_CONSTANT_CONVERSION = YES;
				CLANG_WARN_DEPRECATED_OBJC_IMPLEMENTATIONS = YES;
				CLANG_WARN_DIRECT_OBJC_ISA_USAGE = YES_ERROR;
				CLANG_WARN_DOCUMENTATION_COMMENTS = YES;
				CLANG_WARN_EMPTY_BODY = YES;
				CLANG_WARN_ENUM_CONVERSION = YES;
				CLANG_WARN_INFINITE_RECURSION = YES;
				CLANG_WARN_INT_CONVERSION = YES;
				CLANG_WARN_NON_LITERAL_NULL_CONVERSION = YES;
				CLANG_WARN_OBJC_IMPLICIT_RETAIN_SELF = YES;
				CLANG_WARN_OBJC_LITERAL_CONVERSION = YES;
				CLANG_WARN_OBJC_ROOT_CLASS = YES_ERROR;
				CLANG_WARN_QUOTED_INCLUDE_IN_FRAMEWORK_HEADER = YES;
				CLANG_WARN_RANGE_LOOP_ANALYSIS = YES;
				CLANG_WARN_STRICT_PROTOTYPES = YES;
				CLANG_WARN_SUSPICIOUS_MOVE = YES;
				CLANG_WARN_UNGUARDED_AVAILABILITY = YES_AGGRESSIVE;
				CLANG_WARN_UNREACHABLE_CODE = YES;
				CLANG_WARN__DUPLICATE_METHOD_MATCH = YES;
				COPY_PHASE_STRIP = NO;
				DEBUG_INFORMATION_FORMAT = dwarf;
				ENABLE_STRICT_OBJC_MSGSEND = YES;
				ENABLE_TESTABILITY = YES;
				GCC_C_LANGUAGE_STANDARD = gnu11;
				GCC_DYNAMIC_NO_PIC = NO;
				GCC_NO_COMMON_BLOCKS = YES;
				GCC_OPTIMIZATION_LEVEL = 0;
				GCC_PREPROCESSOR_DEFINITIONS = (
					"DEBUG=1",
					"$(inherited)",
				);
				GCC_WARN_64_TO_32_BIT_CONVERSION = YES;
				GCC_WARN_ABOUT_RETURN_TYPE = YES_ERROR;
				GCC_WARN_UNDECLARED_SELECTOR = YES;
				GCC_WARN_UNINITIALIZED_AUTOS = YES_AGGRESSIVE;
				GCC_WARN_UNUSED_FUNCTION = YES;
				GCC_WARN_UNUSED_VARIABLE = YES;
				IPHONEOS_DEPLOYMENT_TARGET = 15.5;
				MTL_ENABLE_DEBUG_INFO = INCLUDE_SOURCE;
				MTL_FAST_MATH = YES;
				ONLY_ACTIVE_ARCH = YES;
				SDKROOT = iphoneos;
				SWIFT_ACTIVE_COMPILATION_CONDITIONS = DEBUG;
				SWIFT_OPTIMIZATION_LEVEL = "-Onone";
			};
			name = Debug;
		};
		859D662428A9179C001A5620 /* Release */ = {
			isa = XCBuildConfiguration;
			buildSettings = {
				ALWAYS_SEARCH_USER_PATHS = NO;
				CLANG_ANALYZER_NONNULL = YES;
				CLANG_ANALYZER_NUMBER_OBJECT_CONVERSION = YES_AGGRESSIVE;
				CLANG_CXX_LANGUAGE_STANDARD = "gnu++17";
				CLANG_ENABLE_MODULES = YES;
				CLANG_ENABLE_OBJC_ARC = YES;
				CLANG_ENABLE_OBJC_WEAK = YES;
				CLANG_WARN_BLOCK_CAPTURE_AUTORELEASING = YES;
				CLANG_WARN_BOOL_CONVERSION = YES;
				CLANG_WARN_COMMA = YES;
				CLANG_WARN_CONSTANT_CONVERSION = YES;
				CLANG_WARN_DEPRECATED_OBJC_IMPLEMENTATIONS = YES;
				CLANG_WARN_DIRECT_OBJC_ISA_USAGE = YES_ERROR;
				CLANG_WARN_DOCUMENTATION_COMMENTS = YES;
				CLANG_WARN_EMPTY_BODY = YES;
				CLANG_WARN_ENUM_CONVERSION = YES;
				CLANG_WARN_INFINITE_RECURSION = YES;
				CLANG_WARN_INT_CONVERSION = YES;
				CLANG_WARN_NON_LITERAL_NULL_CONVERSION = YES;
				CLANG_WARN_OBJC_IMPLICIT_RETAIN_SELF = YES;
				CLANG_WARN_OBJC_LITERAL_CONVERSION = YES;
				CLANG_WARN_OBJC_ROOT_CLASS = YES_ERROR;
				CLANG_WARN_QUOTED_INCLUDE_IN_FRAMEWORK_HEADER = YES;
				CLANG_WARN_RANGE_LOOP_ANALYSIS = YES;
				CLANG_WARN_STRICT_PROTOTYPES = YES;
				CLANG_WARN_SUSPICIOUS_MOVE = YES;
				CLANG_WARN_UNGUARDED_AVAILABILITY = YES_AGGRESSIVE;
				CLANG_WARN_UNREACHABLE_CODE = YES;
				CLANG_WARN__DUPLICATE_METHOD_MATCH = YES;
				COPY_PHASE_STRIP = NO;
				DEBUG_INFORMATION_FORMAT = "dwarf-with-dsym";
				ENABLE_NS_ASSERTIONS = NO;
				ENABLE_STRICT_OBJC_MSGSEND = YES;
				GCC_C_LANGUAGE_STANDARD = gnu11;
				GCC_NO_COMMON_BLOCKS = YES;
				GCC_WARN_64_TO_32_BIT_CONVERSION = YES;
				GCC_WARN_ABOUT_RETURN_TYPE = YES_ERROR;
				GCC_WARN_UNDECLARED_SELECTOR = YES;
				GCC_WARN_UNINITIALIZED_AUTOS = YES_AGGRESSIVE;
				GCC_WARN_UNUSED_FUNCTION = YES;
				GCC_WARN_UNUSED_VARIABLE = YES;
				IPHONEOS_DEPLOYMENT_TARGET = 15.5;
				MTL_ENABLE_DEBUG_INFO = NO;
				MTL_FAST_MATH = YES;
				SDKROOT = iphoneos;
				SWIFT_COMPILATION_MODE = wholemodule;
				SWIFT_OPTIMIZATION_LEVEL = "-O";
				VALIDATE_PRODUCT = YES;
			};
			name = Release;
		};
		859D662628A9179C001A5620 /* Debug */ = {
			isa = XCBuildConfiguration;
			buildSettings = {
				ASSETCATALOG_COMPILER_APPICON_NAME = AppIcon;
				ASSETCATALOG_COMPILER_GLOBAL_ACCENT_COLOR_NAME = AccentColor;
				CODE_SIGN_STYLE = Automatic;
				CURRENT_PROJECT_VERSION = 1;
				DEVELOPMENT_TEAM = 4LR58F43S2;
				GENERATE_INFOPLIST_FILE = YES;
				INFOPLIST_FILE = ActivityTracker_V0.6.1/Info.plist;
				INFOPLIST_KEY_UIApplicationSupportsIndirectInputEvents = YES;
				INFOPLIST_KEY_UILaunchStoryboardName = LaunchScreen;
				INFOPLIST_KEY_UIMainStoryboardFile = Main;
				INFOPLIST_KEY_UISupportedInterfaceOrientations_iPad = "UIInterfaceOrientationPortrait UIInterfaceOrientationPortraitUpsideDown UIInterfaceOrientationLandscapeLeft UIInterfaceOrientationLandscapeRight";
				INFOPLIST_KEY_UISupportedInterfaceOrientations_iPhone = "UIInterfaceOrientationPortrait UIInterfaceOrientationLandscapeLeft UIInterfaceOrientationLandscapeRight";
				LD_RUNPATH_SEARCH_PATHS = (
					"$(inherited)",
					"@executable_path/Frameworks",
				);
				MARKETING_VERSION = 1.0;
				PRODUCT_BUNDLE_IDENTIFIER = "com.Lgl.ActivityTracker-V0-6-1";
				PRODUCT_NAME = "$(TARGET_NAME)";
				SWIFT_EMIT_LOC_STRINGS = YES;
				SWIFT_VERSION = 5.0;
				TARGETED_DEVICE_FAMILY = "1,2";
			};
			name = Debug;
		};
		859D662728A9179C001A5620 /* Release */ = {
			isa = XCBuildConfiguration;
			buildSettings = {
				ASSETCATALOG_COMPILER_APPICON_NAME = AppIcon;
				ASSETCATALOG_COMPILER_GLOBAL_ACCENT_COLOR_NAME = AccentColor;
				CODE_SIGN_STYLE = Automatic;
				CURRENT_PROJECT_VERSION = 1;
				DEVELOPMENT_TEAM = 4LR58F43S2;
				GENERATE_INFOPLIST_FILE = YES;
				INFOPLIST_FILE = ActivityTracker_V0.6.1/Info.plist;
				INFOPLIST_KEY_UIApplicationSupportsIndirectInputEvents = YES;
				INFOPLIST_KEY_UILaunchStoryboardName = LaunchScreen;
				INFOPLIST_KEY_UIMainStoryboardFile = Main;
				INFOPLIST_KEY_UISupportedInterfaceOrientations_iPad = "UIInterfaceOrientationPortrait UIInterfaceOrientationPortraitUpsideDown UIInterfaceOrientationLandscapeLeft UIInterfaceOrientationLandscapeRight";
				INFOPLIST_KEY_UISupportedInterfaceOrientations_iPhone = "UIInterfaceOrientationPortrait UIInterfaceOrientationLandscapeLeft UIInterfaceOrientationLandscapeRight";
				LD_RUNPATH_SEARCH_PATHS = (
					"$(inherited)",
					"@executable_path/Frameworks",
				);
				MARKETING_VERSION = 1.0;
				PRODUCT_BUNDLE_IDENTIFIER = "com.Lgl.ActivityTracker-V0-6-1";
				PRODUCT_NAME = "$(TARGET_NAME)";
				SWIFT_EMIT_LOC_STRINGS = YES;
				SWIFT_VERSION = 5.0;
				TARGETED_DEVICE_FAMILY = "1,2";
			};
			name = Release;
		};
/* End XCBuildConfiguration section */

/* Begin XCConfigurationList section */
		859D660928A9179A001A5620 /* Build configuration list for PBXProject "ActivityTracker_V0.6.1" */ = {
			isa = XCConfigurationList;
			buildConfigurations = (
				859D662328A9179C001A5620 /* Debug */,
				859D662428A9179C001A5620 /* Release */,
			);
			defaultConfigurationIsVisible = 0;
			defaultConfigurationName = Release;
		};
		859D662528A9179C001A5620 /* Build configuration list for PBXNativeTarget "ActivityTracker_V0.6.1" */ = {
			isa = XCConfigurationList;
			buildConfigurations = (
				859D662628A9179C001A5620 /* Debug */,
				859D662728A9179C001A5620 /* Release */,
			);
			defaultConfigurationIsVisible = 0;
			defaultConfigurationName = Release;
		};
/* End XCConfigurationList section */

/* Begin XCVersionGroup section */
		859D661A28A9179A001A5620 /* ActivityTracker_V0_6_1.xcdatamodeld */ = {
			isa = XCVersionGroup;
			children = (
				859D661B28A9179A001A5620 /* ActivityTracker_V0_6_1.xcdatamodel */,
			);
			currentVersion = 859D661B28A9179A001A5620 /* ActivityTracker_V0_6_1.xcdatamodel */;
			path = ActivityTracker_V0_6_1.xcdatamodeld;
			sourceTree = "<group>";
			versionGroupType = wrapper.xcdatamodel;
		};
/* End XCVersionGroup section */
	};
	rootObject = 859D660628A9179A001A5620 /* Project object */;
}
